{
  "nodes": {
    "catppuccin": {
      "flake": false,
      "locked": {
        "lastModified": 1694409900,
        "narHash": "sha256-86tK098391f4XhJ9JbD03jrqnTmMSIU566SeQPqArzE=",
        "owner": "catppuccin",
        "repo": "nvim",
        "rev": "85e93601e0f0b48aa2c6bbfae4d0e9d7a1898280",
        "type": "github"
      },
      "original": {
        "owner": "catppuccin",
        "repo": "nvim",
        "type": "github"
      }
    },
    "cmp-buffer": {
      "flake": false,
      "locked": {
        "lastModified": 1660101488,
        "narHash": "sha256-dG4U7MtnXThoa/PD+qFtCt76MQ14V1wX8GMYcvxEnbM=",
        "owner": "hrsh7th",
        "repo": "cmp-buffer",
        "rev": "3022dbc9166796b644a841a02de8dd1cc1d311fa",
        "type": "github"
      },
      "original": {
        "owner": "hrsh7th",
        "repo": "cmp-buffer",
        "type": "github"
      }
    },
    "cmp-cmdline": {
      "flake": false,
      "locked": {
        "lastModified": 1686243464,
        "narHash": "sha256-W8v/XhPjbvKSwCrfOAPihO2N9PEVnH5Cp/Fa25lNRw4=",
        "owner": "hrsh7th",
        "repo": "cmp-cmdline",
        "rev": "8ee981b4a91f536f52add291594e89fb6645e451",
        "type": "github"
      },
      "original": {
        "owner": "hrsh7th",
        "repo": "cmp-cmdline",
        "type": "github"
      }
    },
    "cmp-nvim-lsp": {
      "flake": false,
      "locked": {
        "lastModified": 1687494203,
        "narHash": "sha256-mU0soCz79erJXMMqD/FyrJZ0mu2n6fE0deymPzQlxts=",
        "owner": "hrsh7th",
        "repo": "cmp-nvim-lsp",
        "rev": "44b16d11215dce86f253ce0c30949813c0a90765",
        "type": "github"
      },
      "original": {
        "owner": "hrsh7th",
        "repo": "cmp-nvim-lsp",
        "type": "github"
      }
    },
    "cmp-path": {
      "flake": false,
      "locked": {
        "lastModified": 1664784283,
        "narHash": "sha256-thppiiV3wjIaZnAXmsh7j3DUc6ceSCvGzviwFUnoPaI=",
        "owner": "hrsh7th",
        "repo": "cmp-path",
        "rev": "91ff86cd9c29299a64f968ebb45846c485725f23",
        "type": "github"
      },
      "original": {
        "owner": "hrsh7th",
        "repo": "cmp-path",
        "type": "github"
      }
    },
    "cmp-treesitter": {
      "flake": false,
      "locked": {
        "lastModified": 1680745848,
        "narHash": "sha256-WOcg6w4M20gpMCZjZ3DpPIA55SGLjV75fhckefiVfU0=",
        "owner": "ray-x",
        "repo": "cmp-treesitter",
        "rev": "389eadd48c27aa6dc0e6b992644704f026802a2e",
        "type": "github"
      },
      "original": {
        "owner": "ray-x",
        "repo": "cmp-treesitter",
        "type": "github"
      }
    },
    "cmp-vsnip": {
      "flake": false,
      "locked": {
        "lastModified": 1669100283,
        "narHash": "sha256-2mkN03noOr5vBvRbSb35xZKorSH+8savQNZtgM9+QcM=",
        "owner": "hrsh7th",
        "repo": "cmp-vsnip",
        "rev": "989a8a73c44e926199bfd05fa7a516d51f2d2752",
        "type": "github"
      },
      "original": {
        "owner": "hrsh7th",
        "repo": "cmp-vsnip",
        "type": "github"
      }
    },
    "comments": {
      "flake": false,
      "locked": {
        "lastModified": 1691409559,
        "narHash": "sha256-+dF1ZombrlO6nQggufSb0igXW5zwU++o0W/5ZA07cdc=",
        "owner": "numToStr",
        "repo": "Comment.nvim",
        "rev": "0236521ea582747b58869cb72f70ccfa967d2e89",
        "type": "github"
      },
      "original": {
        "owner": "numToStr",
        "repo": "Comment.nvim",
        "type": "github"
      }
    },
    "crane": {
      "inputs": {
        "nixpkgs": [
          "lanzaboote",
          "nixpkgs"
        ]
      },
      "locked": {
        "lastModified": 1699218802,
        "narHash": "sha256-5l0W4Q7z7A4BCstaF5JuBqXOVrZ3Vqst5+hUnP7EdUc=",
        "owner": "ipetkov",
        "repo": "crane",
        "rev": "2d6c2aaff5a05e443eb15efddc21f9c73720340c",
        "type": "github"
      },
      "original": {
        "owner": "ipetkov",
        "repo": "crane",
        "type": "github"
      }
    },
    "eww": {
      "inputs": {
        "flake-compat": "flake-compat",
        "nixpkgs": [
          "nixpkgs"
        ],
        "rust-overlay": "rust-overlay"
      },
      "locked": {
        "lastModified": 1692366702,
        "narHash": "sha256-GEysmNDm+olt1WXHzRwb4ZLifkXmeP5+APAN3b81/Og=",
        "owner": "elkowar",
        "repo": "eww",
        "rev": "a9a35c1804d72ef92e04ee71555bd9e5a08fa17e",
        "type": "github"
      },
      "original": {
        "owner": "elkowar",
        "repo": "eww",
        "type": "github"
      }
    },
    "flake-compat": {
      "flake": false,
      "locked": {
        "lastModified": 1650374568,
        "narHash": "sha256-Z+s0J8/r907g149rllvwhb4pKi8Wam5ij0st8PwAh+E=",
        "owner": "edolstra",
        "repo": "flake-compat",
        "rev": "b4a34015c698c7793d592d66adbab377907a2be8",
        "type": "github"
      },
      "original": {
        "owner": "edolstra",
        "repo": "flake-compat",
        "type": "github"
      }
    },
    "flake-compat_2": {
      "flake": false,
      "locked": {
        "lastModified": 1696426674,
        "narHash": "sha256-kvjfFW7WAETZlt09AgDn1MrtKzP7t90Vf7vypd3OL1U=",
        "owner": "edolstra",
        "repo": "flake-compat",
        "rev": "0f9255e01c2351cc7d116c072cb317785dd33b33",
        "type": "github"
      },
      "original": {
        "owner": "edolstra",
        "repo": "flake-compat",
        "type": "github"
      }
    },
    "flake-parts": {
      "inputs": {
        "nixpkgs-lib": [
          "lanzaboote",
          "nixpkgs"
        ]
      },
      "locked": {
        "lastModified": 1698882062,
        "narHash": "sha256-HkhafUayIqxXyHH1X8d9RDl1M2CkFgZLjKD3MzabiEo=",
        "owner": "hercules-ci",
        "repo": "flake-parts",
        "rev": "8c9fa2545007b49a5db5f650ae91f227672c3877",
        "type": "github"
      },
      "original": {
        "owner": "hercules-ci",
        "repo": "flake-parts",
        "type": "github"
      }
    },
    "flake-parts_2": {
      "inputs": {
        "nixpkgs-lib": "nixpkgs-lib"
      },
      "locked": {
        "lastModified": 1698882062,
        "narHash": "sha256-HkhafUayIqxXyHH1X8d9RDl1M2CkFgZLjKD3MzabiEo=",
        "owner": "hercules-ci",
        "repo": "flake-parts",
        "rev": "8c9fa2545007b49a5db5f650ae91f227672c3877",
        "type": "github"
      },
      "original": {
        "owner": "hercules-ci",
        "repo": "flake-parts",
        "type": "github"
      }
    },
    "flake-utils": {
      "locked": {
        "lastModified": 1656928814,
        "narHash": "sha256-RIFfgBuKz6Hp89yRr7+NR5tzIAbn52h8vT6vXkYjZoM=",
        "owner": "numtide",
        "repo": "flake-utils",
        "rev": "7e2a3b3dfd9af950a856d66b0a7d01e3c18aa249",
        "type": "github"
      },
      "original": {
        "owner": "numtide",
        "repo": "flake-utils",
        "type": "github"
      }
    },
    "flake-utils_2": {
      "inputs": {
        "systems": "systems_2"
      },
      "locked": {
        "lastModified": 1694529238,
        "narHash": "sha256-zsNZZGTGnMOf9YpHKJqMSsa0dXbfmxeoJ7xHlrt+xmY=",
        "owner": "numtide",
        "repo": "flake-utils",
        "rev": "ff7b65b44d01cf9ba6a71320833626af21126384",
        "type": "github"
      },
      "original": {
        "owner": "numtide",
        "repo": "flake-utils",
        "type": "github"
      }
    },
    "flake-utils_3": {
      "inputs": {
        "systems": "systems_3"
      },
      "locked": {
        "lastModified": 1694529238,
        "narHash": "sha256-zsNZZGTGnMOf9YpHKJqMSsa0dXbfmxeoJ7xHlrt+xmY=",
        "owner": "numtide",
        "repo": "flake-utils",
        "rev": "ff7b65b44d01cf9ba6a71320833626af21126384",
        "type": "github"
      },
      "original": {
        "owner": "numtide",
        "repo": "flake-utils",
        "type": "github"
      }
    },
    "flake-utils_4": {
      "inputs": {
        "systems": "systems_4"
      },
      "locked": {
        "lastModified": 1687709756,
        "narHash": "sha256-Y5wKlQSkgEK2weWdOu4J3riRd+kV/VCgHsqLNTTWQ/0=",
        "owner": "numtide",
        "repo": "flake-utils",
        "rev": "dbabf0ca0c0c4bce6ea5eaf65af5cb694d2082c7",
        "type": "github"
      },
      "original": {
        "owner": "numtide",
        "repo": "flake-utils",
        "type": "github"
      }
    },
    "flake-utils_5": {
      "inputs": {
        "systems": "systems_5"
      },
      "locked": {
        "lastModified": 1681202837,
        "narHash": "sha256-H+Rh19JDwRtpVPAWp64F+rlEtxUWBAQW28eAi3SRSzg=",
        "owner": "numtide",
        "repo": "flake-utils",
        "rev": "cfacdce06f30d2b68473a46042957675eebb3401",
        "type": "github"
      },
      "original": {
        "owner": "numtide",
        "repo": "flake-utils",
        "type": "github"
      }
    },
    "friendly-snippets": {
      "flake": false,
      "locked": {
        "lastModified": 1693707102,
        "narHash": "sha256-V4seHHt0PdvS3IBWCajNyUuVj8tTHQ72Yp52Qxbu5Ac=",
        "owner": "rafamadriz",
        "repo": "friendly-snippets",
        "rev": "ebf6d6e83494cdd88a54a429340256f4dbb6a052",
        "type": "github"
      },
      "original": {
        "owner": "rafamadriz",
        "repo": "friendly-snippets",
        "type": "github"
      }
    },
    "gitignore": {
      "inputs": {
        "nixpkgs": [
          "lanzaboote",
          "pre-commit-hooks-nix",
          "nixpkgs"
        ]
      },
      "locked": {
        "lastModified": 1660459072,
        "narHash": "sha256-8DFJjXG8zqoONA1vXtgeKXy68KdJL5UaXR8NtVMUbx8=",
        "owner": "hercules-ci",
        "repo": "gitignore.nix",
        "rev": "a20de23b925fd8264fd7fad6454652e142fd7f73",
        "type": "github"
      },
      "original": {
        "owner": "hercules-ci",
        "repo": "gitignore.nix",
        "type": "github"
      }
    },
    "gitsigns": {
      "flake": false,
      "locked": {
        "lastModified": 1694507437,
        "narHash": "sha256-GwCMj/R6pUIsfTLY8YKjdf2Bv/qaYcvN/S53jCGcUWw=",
        "owner": "lewis6991",
        "repo": "gitsigns.nvim",
        "rev": "907ae8636016aab2f283576fc60d46ca3427e579",
        "type": "github"
      },
      "original": {
        "owner": "lewis6991",
        "repo": "gitsigns.nvim",
        "type": "github"
      }
    },
    "heirline": {
      "flake": false,
      "locked": {
        "lastModified": 1693748266,
        "narHash": "sha256-WSA8FLFE8gvUJFmLcRZZg8xyEYDUpAPbSJuBdcFQxcM=",
        "owner": "rebelot",
        "repo": "heirline.nvim",
        "rev": "7f1e805dfc001d5dbb7d894105063f463f6c7dcc",
        "type": "github"
      },
      "original": {
        "owner": "rebelot",
        "repo": "heirline.nvim",
        "type": "github"
      }
    },
    "home-manager": {
      "inputs": {
        "nixpkgs": [
          "nixpkgs"
        ]
      },
      "locked": {
        "lastModified": 1700847865,
        "narHash": "sha256-uWaOIemGl9LF813MW0AEgCBpKwFo2t1Wv3BZc6e5Frw=",
        "owner": "nix-community",
        "repo": "home-manager",
        "rev": "8cedd63eede4c22deb192f1721dd67e7460e1ebe",
        "type": "github"
      },
      "original": {
        "owner": "nix-community",
        "repo": "home-manager",
        "type": "github"
      }
    },
    "hyprland": {
      "inputs": {
        "hyprland-protocols": "hyprland-protocols",
        "nixpkgs": "nixpkgs",
        "systems": "systems",
        "wlroots": "wlroots",
        "xdph": "xdph"
      },
      "locked": {
        "lastModified": 1700876704,
        "narHash": "sha256-V3Z1SYEpi5baifNxvIOgBWWy9J0m0hZ8arAMS4XpbZk=",
        "owner": "hyprwm",
        "repo": "Hyprland",
        "rev": "512a59731b2e579b66325d0e9ce770919eecd685",
        "type": "github"
      },
      "original": {
        "owner": "hyprwm",
        "repo": "Hyprland",
        "type": "github"
      }
    },
    "hyprland-protocols": {
      "inputs": {
        "nixpkgs": [
          "hyprland",
          "nixpkgs"
        ],
        "systems": [
          "hyprland",
          "systems"
        ]
      },
      "locked": {
        "lastModified": 1691753796,
        "narHash": "sha256-zOEwiWoXk3j3+EoF3ySUJmberFewWlagvewDRuWYAso=",
        "owner": "hyprwm",
        "repo": "hyprland-protocols",
        "rev": "0c2ce70625cb30aef199cb388f99e19a61a6ce03",
        "type": "github"
      },
      "original": {
        "owner": "hyprwm",
        "repo": "hyprland-protocols",
        "type": "github"
      }
    },
    "lanzaboote": {
      "inputs": {
        "crane": "crane",
        "flake-compat": "flake-compat_2",
        "flake-parts": "flake-parts",
        "flake-utils": "flake-utils_2",
        "nixpkgs": "nixpkgs_2",
        "pre-commit-hooks-nix": "pre-commit-hooks-nix",
        "rust-overlay": "rust-overlay_2"
      },
      "locked": {
        "lastModified": 1700811440,
        "narHash": "sha256-wrJpW3JCJ9egZpYUMne4c3PFEp+vmkTj5VFpPAT4xdY=",
        "owner": "nix-community",
        "repo": "lanzaboote",
        "rev": "cbafc8f8fe388fba6f2c27224276f5f984f9ae47",
        "type": "github"
      },
      "original": {
        "owner": "nix-community",
        "repo": "lanzaboote",
        "type": "github"
      }
    },
    "lspkind": {
      "flake": false,
      "locked": {
        "lastModified": 1683275543,
        "narHash": "sha256-S+qZm51hw/cRujIfHV/1x1fYyCKI4XQ0utSL8uy4l6I=",
        "owner": "onsails",
        "repo": "lspkind.nvim",
        "rev": "57610d5ab560c073c465d6faf0c19f200cb67e6e",
        "type": "github"
      },
      "original": {
        "owner": "onsails",
        "repo": "lspkind.nvim",
        "type": "github"
      }
    },
    "neo-tree": {
      "flake": false,
      "locked": {
        "lastModified": 1694833739,
        "narHash": "sha256-wndeg430bG9wElrmATRmLHhQETAzXyxlh3BAZafSwKM=",
        "owner": "nvim-neo-tree",
        "repo": "neo-tree.nvim",
        "rev": "54fe2a5f6f698094b34461a11370fcc29b8a4393",
        "type": "github"
      },
      "original": {
        "owner": "nvim-neo-tree",
        "repo": "neo-tree.nvim",
        "type": "github"
      }
    },
    "nil": {
      "inputs": {
        "flake-utils": "flake-utils_4",
        "nixpkgs": [
          "nvim",
          "nixpkgs"
        ],
        "rust-overlay": "rust-overlay_3"
      },
      "locked": {
        "lastModified": 1694177726,
        "narHash": "sha256-eaYATUkElEbXGcehShhYfcGhrjfTMQEmJqxvO+/5ciw=",
        "owner": "oxalica",
        "repo": "nil",
        "rev": "4775e34c30f6101a9bb4364a0c7e4aae4ae43f11",
        "type": "github"
      },
      "original": {
        "owner": "oxalica",
        "repo": "nil",
        "type": "github"
      }
    },
    "nix-gaming": {
      "inputs": {
        "flake-parts": "flake-parts_2",
        "nixpkgs": "nixpkgs_3"
      },
      "locked": {
        "lastModified": 1700874698,
        "narHash": "sha256-45bXCKIc3BZA3q83vAJi2qcd0mdkWp4bG/AmbBx01TA=",
        "owner": "fufexan",
        "repo": "nix-gaming",
        "rev": "9ed5f7f0e6f14fb8956ddb8c0ed345d6b4aee2c0",
        "type": "github"
      },
      "original": {
        "owner": "fufexan",
        "repo": "nix-gaming",
        "type": "github"
      }
    },
    "nixpkgs": {
      "locked": {
        "lastModified": 1700612854,
        "narHash": "sha256-yrQ8osMD+vDLGFX7pcwsY/Qr5PUd6OmDMYJZzZi0+zc=",
        "owner": "NixOS",
        "repo": "nixpkgs",
        "rev": "19cbff58383a4ae384dea4d1d0c823d72b49d614",
        "type": "github"
      },
      "original": {
        "owner": "NixOS",
        "ref": "nixos-unstable",
        "repo": "nixpkgs",
        "type": "github"
      }
    },
    "nixpkgs-lib": {
      "locked": {
        "dir": "lib",
        "lastModified": 1698611440,
        "narHash": "sha256-jPjHjrerhYDy3q9+s5EAsuhyhuknNfowY6yt6pjn9pc=",
        "owner": "NixOS",
        "repo": "nixpkgs",
        "rev": "0cbe9f69c234a7700596e943bfae7ef27a31b735",
        "type": "github"
      },
      "original": {
        "dir": "lib",
        "owner": "NixOS",
        "ref": "nixos-unstable",
        "repo": "nixpkgs",
        "type": "github"
      }
    },
    "nixpkgs-stable": {
      "locked": {
        "lastModified": 1685801374,
        "narHash": "sha256-otaSUoFEMM+LjBI1XL/xGB5ao6IwnZOXc47qhIgJe8U=",
        "owner": "NixOS",
        "repo": "nixpkgs",
        "rev": "c37ca420157f4abc31e26f436c1145f8951ff373",
        "type": "github"
      },
      "original": {
        "owner": "NixOS",
        "ref": "nixos-23.05",
        "repo": "nixpkgs",
        "type": "github"
      }
    },
    "nixpkgs_2": {
      "locked": {
        "lastModified": 1699354722,
        "narHash": "sha256-abmqUReg4PsyQSwv4d0zjcWpMHrd3IFJiTb2tZpfF04=",
        "owner": "NixOS",
        "repo": "nixpkgs",
        "rev": "cfbb29d76949ae53c457f152c52c173ea4bdd862",
        "type": "github"
      },
      "original": {
        "owner": "NixOS",
        "ref": "nixos-unstable-small",
        "repo": "nixpkgs",
        "type": "github"
      }
    },
    "nixpkgs_3": {
      "locked": {
        "lastModified": 1700108881,
        "narHash": "sha256-+Lqybl8kj0+nD/IlAWPPG/RDTa47gff9nbei0u7BntE=",
        "owner": "NixOS",
        "repo": "nixpkgs",
        "rev": "7414e9ee0b3e9903c24d3379f577a417f0aae5f1",
        "type": "github"
      },
      "original": {
        "owner": "NixOS",
        "ref": "nixpkgs-unstable",
        "repo": "nixpkgs",
        "type": "github"
      }
    },
    "nixpkgs_4": {
      "locked": {
        "lastModified": 1700612854,
        "narHash": "sha256-yrQ8osMD+vDLGFX7pcwsY/Qr5PUd6OmDMYJZzZi0+zc=",
        "owner": "NixOS",
        "repo": "nixpkgs",
        "rev": "19cbff58383a4ae384dea4d1d0c823d72b49d614",
        "type": "github"
      },
      "original": {
        "owner": "NixOS",
        "ref": "nixos-unstable",
        "repo": "nixpkgs",
        "type": "github"
      }
    },
    "nui": {
      "flake": false,
      "locked": {
        "lastModified": 1693988908,
        "narHash": "sha256-Ao+xnowsZPR9x3Wm439l1QIlgt3Rt6n9DZIqkUKsR1k=",
        "owner": "MunifTanjim",
        "repo": "nui.nvim",
        "rev": "c8de23342caf8d50b15d6b28368d36a56a69d76f",
        "type": "github"
      },
      "original": {
        "owner": "MunifTanjim",
        "repo": "nui.nvim",
        "type": "github"
      }
    },
    "nvim": {
      "inputs": {
        "catppuccin": "catppuccin",
        "cmp-buffer": "cmp-buffer",
        "cmp-cmdline": "cmp-cmdline",
        "cmp-nvim-lsp": "cmp-nvim-lsp",
        "cmp-path": "cmp-path",
        "cmp-treesitter": "cmp-treesitter",
        "cmp-vsnip": "cmp-vsnip",
        "comments": "comments",
        "flake-utils": "flake-utils_3",
        "friendly-snippets": "friendly-snippets",
        "gitsigns": "gitsigns",
        "heirline": "heirline",
        "lspkind": "lspkind",
        "neo-tree": "neo-tree",
        "nil": "nil",
        "nixpkgs": [
          "nixpkgs"
        ],
        "nui": "nui",
        "nvim-cmp": "nvim-cmp",
        "nvim-dap": "nvim-dap",
        "nvim-dap-ui": "nvim-dap-ui",
        "nvim-lspconfig": "nvim-lspconfig",
        "nvim-treesitter-context": "nvim-treesitter-context",
        "nvim-web-devicons": "nvim-web-devicons",
        "plenary": "plenary",
        "presence": "presence",
        "trouble": "trouble",
        "vim-vsnip": "vim-vsnip",
        "which-key": "which-key"
      },
      "locked": {
        "lastModified": 1695457771,
        "narHash": "sha256-iuk/uRtP0C7LEHsnRktcypyYl10Ze2IPTN6FivVESfE=",
        "owner": "patryk3211",
        "repo": "neovim-flake",
        "rev": "fc622f22740b7d415b7f17669196f3da8f5832e9",
        "type": "github"
      },
      "original": {
        "owner": "patryk3211",
        "repo": "neovim-flake",
        "type": "github"
      }
    },
    "nvim-cmp": {
      "flake": false,
      "locked": {
        "lastModified": 1693063902,
        "narHash": "sha256-WGck3By9GhnBUmzLGi2wnKjDreQx5kBOmHCbC5BZhfo=",
        "owner": "hrsh7th",
        "repo": "nvim-cmp",
        "rev": "5dce1b778b85c717f6614e3f4da45e9f19f54435",
        "type": "github"
      },
      "original": {
        "owner": "hrsh7th",
        "repo": "nvim-cmp",
        "type": "github"
      }
    },
    "nvim-dap": {
      "flake": false,
      "locked": {
        "lastModified": 1694691130,
        "narHash": "sha256-mnK2pFhuWpWb8ynlFZTulA/L4gXASPRuJpGIC/UpUiA=",
        "owner": "mfussenegger",
        "repo": "nvim-dap",
        "rev": "b3d4408e29d924fe130c9397a7c3b3630b3ea671",
        "type": "github"
      },
      "original": {
        "owner": "mfussenegger",
        "repo": "nvim-dap",
        "type": "github"
      }
    },
    "nvim-dap-ui": {
      "flake": false,
      "locked": {
        "lastModified": 1694342930,
        "narHash": "sha256-IdWPzLpNH0fkubELr2uTI7UnB0Yaf/zCkF8WUWBtyaM=",
        "owner": "rcarriga",
        "repo": "nvim-dap-ui",
        "rev": "34160a7ce6072ef332f350ae1d4a6a501daf0159",
        "type": "github"
      },
      "original": {
        "owner": "rcarriga",
        "repo": "nvim-dap-ui",
        "type": "github"
      }
    },
    "nvim-lspconfig": {
      "flake": false,
      "locked": {
        "lastModified": 1694772777,
        "narHash": "sha256-uofhYbag09GSUyehP1gYU4nn3ZniZXC/EnrikZTvgXc=",
        "owner": "neovim",
        "repo": "nvim-lspconfig",
        "rev": "cc388d3f6b9c7c943ae2b2dcd46ad470fd257f91",
        "type": "github"
      },
      "original": {
        "owner": "neovim",
        "repo": "nvim-lspconfig",
        "type": "github"
      }
    },
    "nvim-treesitter-context": {
      "flake": false,
      "locked": {
        "lastModified": 1693981916,
        "narHash": "sha256-K5Son2U0HI/hoH1OPV959jxK3jANkeWSygPeppjNXH0=",
        "owner": "nvim-treesitter",
        "repo": "nvim-treesitter-context",
        "rev": "b6c763db8cc486215ba96e0a67418848a710ab25",
        "type": "github"
      },
      "original": {
        "owner": "nvim-treesitter",
        "repo": "nvim-treesitter-context",
        "type": "github"
      }
    },
    "nvim-web-devicons": {
      "flake": false,
      "locked": {
        "lastModified": 1694762469,
        "narHash": "sha256-9IPEts+RaM7Xh1ZOS8V/rECyreHK6FRKca52n031u7o=",
        "owner": "nvim-tree",
        "repo": "nvim-web-devicons",
        "rev": "973ab742f143a796a779af4d786ec409116a0d87",
        "type": "github"
      },
      "original": {
        "owner": "nvim-tree",
        "repo": "nvim-web-devicons",
        "type": "github"
      }
    },
    "plenary": {
      "flake": false,
      "locked": {
        "lastModified": 1694526433,
        "narHash": "sha256-s3qsKf05X5W1VdZT1vYXGQNK0UaiI+umWUf06Spe4hw=",
        "owner": "nvim-lua",
        "repo": "plenary.nvim",
        "rev": "9ce85b0f7dcfe5358c0be937ad23e456907d410b",
        "type": "github"
      },
      "original": {
        "owner": "nvim-lua",
        "repo": "plenary.nvim",
        "type": "github"
      }
    },
    "pre-commit-hooks-nix": {
      "inputs": {
        "flake-compat": [
          "lanzaboote",
          "flake-compat"
        ],
        "flake-utils": [
          "lanzaboote",
          "flake-utils"
        ],
        "gitignore": "gitignore",
        "nixpkgs": [
          "lanzaboote",
          "nixpkgs"
        ],
        "nixpkgs-stable": "nixpkgs-stable"
      },
      "locked": {
        "lastModified": 1699271226,
        "narHash": "sha256-8Jt1KW3xTjolD6c6OjJm9USx/jmL+VVmbooADCkdDfU=",
        "owner": "cachix",
        "repo": "pre-commit-hooks.nix",
        "rev": "ea758da1a6dcde6dc36db348ed690d09b9864128",
        "type": "github"
      },
      "original": {
        "owner": "cachix",
        "repo": "pre-commit-hooks.nix",
        "type": "github"
      }
    },
    "presence": {
      "flake": false,
      "locked": {
        "lastModified": 1674984077,
        "narHash": "sha256-ZpsunLsn//zYgUtmAm5FqKVueVd/Pa1r55ZDqxCimBk=",
        "owner": "andweeb",
        "repo": "presence.nvim",
        "rev": "87c857a56b7703f976d3a5ef15967d80508df6e6",
        "type": "github"
      },
      "original": {
        "owner": "andweeb",
        "repo": "presence.nvim",
        "type": "github"
      }
    },
    "root": {
      "inputs": {
        "eww": "eww",
        "home-manager": "home-manager",
        "hyprland": "hyprland",
        "lanzaboote": "lanzaboote",
        "nix-gaming": "nix-gaming",
        "nixpkgs": "nixpkgs_4",
        "nvim": "nvim",
        "rust-overlay": "rust-overlay_4"
      }
    },
    "rust-overlay": {
      "inputs": {
        "flake-utils": "flake-utils",
        "nixpkgs": [
          "eww",
          "nixpkgs"
        ]
      },
      "locked": {
        "lastModified": 1661655464,
        "narHash": "sha256-by9Hb0mNVdiCR7TBvUHIgDb0QIv3znp8VMGh7Bl35VQ=",
        "owner": "oxalica",
        "repo": "rust-overlay",
        "rev": "0c4c1432353e12b325d1472bea99e364871d2cb3",
        "type": "github"
      },
      "original": {
        "owner": "oxalica",
        "repo": "rust-overlay",
        "type": "github"
      }
    },
    "rust-overlay_2": {
      "inputs": {
        "flake-utils": [
          "lanzaboote",
          "flake-utils"
        ],
        "nixpkgs": [
          "lanzaboote",
          "nixpkgs"
        ]
      },
      "locked": {
        "lastModified": 1699409596,
        "narHash": "sha256-L3g1smIol3dGTxkUQOlNShJtZLvjLzvtbaeTRizwZBU=",
        "owner": "oxalica",
        "repo": "rust-overlay",
        "rev": "58240e1ac627cef3ea30c7732fedfb4f51afd8e7",
        "type": "github"
      },
      "original": {
        "owner": "oxalica",
        "repo": "rust-overlay",
        "type": "github"
      }
    },
    "rust-overlay_3": {
      "inputs": {
        "flake-utils": [
          "nvim",
          "nil",
          "flake-utils"
        ],
        "nixpkgs": [
          "nvim",
          "nil",
          "nixpkgs"
        ]
      },
      "locked": {
        "lastModified": 1688783586,
        "narHash": "sha256-HHaM2hk2azslv1kH8zmQxXo2e7i5cKgzNIuK4yftzB0=",
        "owner": "oxalica",
        "repo": "rust-overlay",
        "rev": "7a29283cc242c2486fc67f60b431ef708046d176",
        "type": "github"
      },
      "original": {
        "owner": "oxalica",
        "repo": "rust-overlay",
        "type": "github"
      }
    },
    "rust-overlay_4": {
      "inputs": {
        "flake-utils": "flake-utils_5",
        "nixpkgs": [
          "nixpkgs"
        ]
      },
      "locked": {
        "lastModified": 1700878361,
        "narHash": "sha256-O30hSOliHJhSdhZw5T8JFtxlL309mNLI+agYffuccIo=",
        "owner": "oxalica",
        "repo": "rust-overlay",
        "rev": "0309d58c91c57e8d519de68312430074de3ef5f8",
        "type": "github"
      },
      "original": {
        "owner": "oxalica",
        "repo": "rust-overlay",
        "type": "github"
      }
    },
    "systems": {
      "locked": {
        "lastModified": 1689347949,
        "narHash": "sha256-12tWmuL2zgBgZkdoB6qXZsgJEH9LR3oUgpaQq2RbI80=",
        "owner": "nix-systems",
        "repo": "default-linux",
        "rev": "31732fcf5e8fea42e59c2488ad31a0e651500f68",
        "type": "github"
      },
      "original": {
        "owner": "nix-systems",
        "repo": "default-linux",
        "type": "github"
      }
    },
    "systems_2": {
      "locked": {
        "lastModified": 1681028828,
        "narHash": "sha256-Vy1rq5AaRuLzOxct8nz4T6wlgyUR7zLU309k9mBC768=",
        "owner": "nix-systems",
        "repo": "default",
        "rev": "da67096a3b9bf56a91d16901293e51ba5b49a27e",
        "type": "github"
      },
      "original": {
        "owner": "nix-systems",
        "repo": "default",
        "type": "github"
      }
    },
    "systems_3": {
      "locked": {
        "lastModified": 1681028828,
        "narHash": "sha256-Vy1rq5AaRuLzOxct8nz4T6wlgyUR7zLU309k9mBC768=",
        "owner": "nix-systems",
        "repo": "default",
        "rev": "da67096a3b9bf56a91d16901293e51ba5b49a27e",
        "type": "github"
      },
      "original": {
        "owner": "nix-systems",
        "repo": "default",
        "type": "github"
      }
    },
    "systems_4": {
      "locked": {
        "lastModified": 1681028828,
        "narHash": "sha256-Vy1rq5AaRuLzOxct8nz4T6wlgyUR7zLU309k9mBC768=",
        "owner": "nix-systems",
        "repo": "default",
        "rev": "da67096a3b9bf56a91d16901293e51ba5b49a27e",
        "type": "github"
      },
      "original": {
        "owner": "nix-systems",
        "repo": "default",
        "type": "github"
      }
    },
    "systems_5": {
      "locked": {
        "lastModified": 1681028828,
        "narHash": "sha256-Vy1rq5AaRuLzOxct8nz4T6wlgyUR7zLU309k9mBC768=",
        "owner": "nix-systems",
        "repo": "default",
        "rev": "da67096a3b9bf56a91d16901293e51ba5b49a27e",
        "type": "github"
      },
      "original": {
        "owner": "nix-systems",
        "repo": "default",
        "type": "github"
      }
    },
    "trouble": {
      "flake": false,
      "locked": {
        "lastModified": 1693380004,
        "narHash": "sha256-3dielW+Y+Rpt/sotZjk8tYHhYTlSrYHS5AILdytyNVA=",
        "owner": "folke",
        "repo": "trouble.nvim",
        "rev": "3f85d8ed30e97ceeddbbcf80224245d347053711",
        "type": "github"
      },
      "original": {
        "owner": "folke",
        "repo": "trouble.nvim",
        "type": "github"
      }
    },
    "vim-vsnip": {
      "flake": false,
      "locked": {
        "lastModified": 1694741111,
        "narHash": "sha256-EbOawtNqAxCHIclKaHfkRWlvHOKAO1p0FYpqlvH5ODo=",
        "owner": "hrsh7th",
        "repo": "vim-vsnip",
        "rev": "be277461265f1e5c7db470aa479f30956597ea9e",
        "type": "github"
      },
      "original": {
        "owner": "hrsh7th",
        "repo": "vim-vsnip",
        "type": "github"
      }
    },
    "which-key": {
      "flake": false,
      "locked": {
        "lastModified": 1690570286,
        "narHash": "sha256-B1+EHd2eH/EbD5Kip9PfhdPyyGfIkD6rsx0Z3rXvb5w=",
        "owner": "folke",
        "repo": "which-key.nvim",
        "rev": "7ccf476ebe0445a741b64e36c78a682c1c6118b7",
        "type": "github"
      },
      "original": {
        "owner": "folke",
        "repo": "which-key.nvim",
        "type": "github"
      }
    },
    "wlroots": {
      "flake": false,
      "locked": {
        "host": "gitlab.freedesktop.org",
        "lastModified": 1700736101,
        "narHash": "sha256-1Fh1xf/JX5zFbGIF9LDaffaleG6JDwwwnKby0LyiXEA=",
        "owner": "wlroots",
        "repo": "wlroots",
        "rev": "f1762f428b0ef2989c81f57ea9e810403d34d946",
        "type": "gitlab"
      },
      "original": {
        "host": "gitlab.freedesktop.org",
        "owner": "wlroots",
        "repo": "wlroots",
        "rev": "f1762f428b0ef2989c81f57ea9e810403d34d946",
        "type": "gitlab"
      }
    },
    "xdph": {
      "inputs": {
        "hyprland-protocols": [
          "hyprland",
          "hyprland-protocols"
        ],
        "nixpkgs": [
          "hyprland",
          "nixpkgs"
        ],
        "systems": [
          "hyprland",
          "systems"
        ]
      },
      "locked": {
        "lastModified": 1700508250,
        "narHash": "sha256-X4o/mifI7Nhu0UKYlxx53wIC+gYDo3pVM9L2u3PE2bE=",
        "owner": "hyprwm",
        "repo": "xdg-desktop-portal-hyprland",
        "rev": "eb120ff25265ecacd0fc13d7dab12131b60d0f47",
        "type": "github"
      },
      "original": {
        "owner": "hyprwm",
        "repo": "xdg-desktop-portal-hyprland",
        "type": "github"
      }
    }
  },
  "root": "root",
  "version": 7
}
