{
  "nodes": {
    "catppuccin": {
      "flake": false,
      "locked": {
        "lastModified": 1688738370,
        "narHash": "sha256-BeCA3Bj0bh6N3fdW5K7L+tYy+rS4Ro2WsQb1+M8JZU0=",
        "owner": "catppuccin",
        "repo": "nvim",
        "rev": "278bfeb61bd627dc2a8885180a0441a1ebe65a41",
        "type": "github"
      },
      "original": {
        "owner": "catppuccin",
        "repo": "nvim",
        "type": "github"
      }
    },
    "flake-utils": {
      "inputs": {
        "systems": "systems"
      },
      "locked": {
        "lastModified": 1687709756,
        "narHash": "sha256-Y5wKlQSkgEK2weWdOu4J3riRd+kV/VCgHsqLNTTWQ/0=",
        "owner": "numtide",
        "repo": "flake-utils",
        "rev": "dbabf0ca0c0c4bce6ea5eaf65af5cb694d2082c7",
        "type": "github"
      },
      "original": {
        "owner": "numtide",
        "repo": "flake-utils",
        "type": "github"
      }
    },
    "nixpkgs": {
      "locked": {
        "lastModified": 1688646010,
        "narHash": "sha256-kCeza5eKI2NEi8k0EoeZfv3lN1r1Vwx+L/VA6I8tmG4=",
        "owner": "nixos",
        "repo": "nixpkgs",
        "rev": "5daaa32204e9c46b05cd709218b7ba733d07e80c",
        "type": "github"
      },
      "original": {
        "owner": "nixos",
        "ref": "nixpkgs-unstable",
        "repo": "nixpkgs",
        "type": "github"
      }
    },
    "nvim-lspconfig": {
      "flake": false,
      "locked": {
        "lastModified": 1688712917,
        "narHash": "sha256-sGKZW0XaBtQd1K8583wm2JUG5tHjy673bD4t7b9htxc=",
        "owner": "neovim",
        "repo": "nvim-lspconfig",
        "rev": "51739a8bc531542079698c58512feb68469f5d27",
        "type": "github"
      },
      "original": {
        "owner": "neovim",
        "repo": "nvim-lspconfig",
        "type": "github"
      }
    },
    "root": {
      "inputs": {
        "catppuccin": "catppuccin",
        "flake-utils": "flake-utils",
        "nixpkgs": "nixpkgs",
        "nvim-lspconfig": "nvim-lspconfig",
        "which-key": "which-key"
      }
    },
    "systems": {
      "locked": {
        "lastModified": 1681028828,
        "narHash": "sha256-Vy1rq5AaRuLzOxct8nz4T6wlgyUR7zLU309k9mBC768=",
        "owner": "nix-systems",
        "repo": "default",
        "rev": "da67096a3b9bf56a91d16901293e51ba5b49a27e",
        "type": "github"
      },
      "original": {
        "owner": "nix-systems",
        "repo": "default",
        "type": "github"
      }
    },
    "which-key": {
      "flake": false,
      "locked": {
        "lastModified": 1687180314,
        "narHash": "sha256-WNAHN/z3JPIAG/gd992y/0+u4mGbhozd96IJCSpHBwA=",
        "owner": "folke",
        "repo": "which-key.nvim",
        "rev": "d871f2b664afd5aed3dc1d1573bef2fb24ce0484",
        "type": "github"
      },
      "original": {
        "owner": "folke",
        "repo": "which-key.nvim",
        "type": "github"
      }
    }
  },
  "root": "root",
  "version": 7
}
